
Microsoft Visual Studio Solution File, Format Version 12.00
# Visual Studio Version 16
VisualStudioVersion = 16.0.31515.178
MinimumVisualStudioVersion = 10.0.40219.1
Project("{FAE04EC0-301F-11D3-BF4B-00C04F79EFBC}") = "WindowsFormsAppLab4", "WindowsFormsAppLab4\WindowsFormsAppLab4.csproj", "{9B76CE25-102C-4D84-A1F0-1A352DE90985}"
EndProject
Global
	GlobalSection(SolutionConfigurationPlatforms) = preSolution
		Debug|Any CPU = Debug|Any CPU
		Release|Any CPU = Release|Any CPU
	EndGlobalSection
	GlobalSection(ProjectConfigurationPlatforms) = postSolution
		{9B76CE25-102C-4D84-A1F0-1A352DE90985}.Debug|Any CPU.ActiveCfg = Debug|Any CPU
		{9B76CE25-102C-4D84-A1F0-1A352DE90985}.Debug|Any CPU.Build.0 = Debug|Any CPU
		{9B76CE25-102C-4D84-A1F0-1A352DE90985}.Release|Any CPU.ActiveCfg = Release|Any CPU
		{9B76CE25-102C-4D84-A1F0-1A352DE90985}.Release|Any CPU.Build.0 = Release|Any CPU
	EndGlobalSection
	GlobalSection(SolutionProperties) = preSolution
		HideSolutionNode = FALSE
	EndGlobalSection
	GlobalSection(ExtensibilityGlobals) = postSolution
		SolutionGuid = {063B36B8-1703-4BFE-B282-2F4D4D8F6C81}
	EndGlobalSection
EndGlobal
